// !$*UTF8*$!
{
	archiveVersion = 1;
	classes = {
	};
	objectVersion = 55;
	objects = {

/* Begin PBXBuildFile section */
		0812323327A45EBC0074BA90 /* AppDelegate.swift in Sources */ = {isa = PBXBuildFile; fileRef = 0812323227A45EBC0074BA90 /* AppDelegate.swift */; };
		0812323527A45EBC0074BA90 /* SceneDelegate.swift in Sources */ = {isa = PBXBuildFile; fileRef = 0812323427A45EBC0074BA90 /* SceneDelegate.swift */; };
		0812323727A45EBC0074BA90 /* ApodListController.swift in Sources */ = {isa = PBXBuildFile; fileRef = 0812323627A45EBC0074BA90 /* ApodListController.swift */; };
		0812323A27A45EBC0074BA90 /* Main.storyboard in Resources */ = {isa = PBXBuildFile; fileRef = 0812323827A45EBC0074BA90 /* Main.storyboard */; };
		0812323C27A45EBD0074BA90 /* Assets.xcassets in Resources */ = {isa = PBXBuildFile; fileRef = 0812323B27A45EBD0074BA90 /* Assets.xcassets */; };
		0812323F27A45EBD0074BA90 /* LaunchScreen.storyboard in Resources */ = {isa = PBXBuildFile; fileRef = 0812323D27A45EBD0074BA90 /* LaunchScreen.storyboard */; };
		0812324A27A45EBD0074BA90 /* APODTests.swift in Sources */ = {isa = PBXBuildFile; fileRef = 0812324927A45EBD0074BA90 /* APODTests.swift */; };
		0812325427A45EBD0074BA90 /* APODUITests.swift in Sources */ = {isa = PBXBuildFile; fileRef = 0812325327A45EBD0074BA90 /* APODUITests.swift */; };
		0812325627A45EBD0074BA90 /* APODUITestsLaunchTests.swift in Sources */ = {isa = PBXBuildFile; fileRef = 0812325527A45EBD0074BA90 /* APODUITestsLaunchTests.swift */; };
		0812326427A45EF10074BA90 /* DataBuilder.swift in Sources */ = {isa = PBXBuildFile; fileRef = 0812326327A45EF10074BA90 /* DataBuilder.swift */; };
		08173F6E27A4CD0200AE0157 /* ApodTableViewCell.swift in Sources */ = {isa = PBXBuildFile; fileRef = 08173F6D27A4CD0200AE0157 /* ApodTableViewCell.swift */; };
		08173F7527A4E21500AE0157 /* ApodImageController.swift in Sources */ = {isa = PBXBuildFile; fileRef = 08173F7427A4E21500AE0157 /* ApodImageController.swift */; };
		08173F7727A4E24100AE0157 /* ApodDetailController.swift in Sources */ = {isa = PBXBuildFile; fileRef = 08173F7627A4E24100AE0157 /* ApodDetailController.swift */; };
		08173F7927A7A71D00AE0157 /* Router.swift in Sources */ = {isa = PBXBuildFile; fileRef = 08173F7827A7A71D00AE0157 /* Router.swift */; };
		08173F7B27A7A76500AE0157 /* NetworkManager.swift in Sources */ = {isa = PBXBuildFile; fileRef = 08173F7A27A7A76500AE0157 /* NetworkManager.swift */; };
		08173F7E27A7B37200AE0157 /* APODModel.swift in Sources */ = {isa = PBXBuildFile; fileRef = 08173F7D27A7B37200AE0157 /* APODModel.swift */; };
/* End PBXBuildFile section */

/* Begin PBXContainerItemProxy section */
		0812324627A45EBD0074BA90 /* PBXContainerItemProxy */ = {
			isa = PBXContainerItemProxy;
			containerPortal = 0812322727A45EBC0074BA90 /* Project object */;
			proxyType = 1;
			remoteGlobalIDString = 0812322E27A45EBC0074BA90;
			remoteInfo = APOD;
		};
		0812325027A45EBD0074BA90 /* PBXContainerItemProxy */ = {
			isa = PBXContainerItemProxy;
			containerPortal = 0812322727A45EBC0074BA90 /* Project object */;
			proxyType = 1;
			remoteGlobalIDString = 0812322E27A45EBC0074BA90;
			remoteInfo = APOD;
		};
/* End PBXContainerItemProxy section */

/* Begin PBXFileReference section */
		0812322F27A45EBC0074BA90 /* APOD.app */ = {isa = PBXFileReference; explicitFileType = wrapper.application; includeInIndex = 0; path = APOD.app; sourceTree = BUILT_PRODUCTS_DIR; };
		0812323227A45EBC0074BA90 /* AppDelegate.swift */ = {isa = PBXFileReference; lastKnownFileType = sourcecode.swift; path = AppDelegate.swift; sourceTree = "<group>"; };
		0812323427A45EBC0074BA90 /* SceneDelegate.swift */ = {isa = PBXFileReference; lastKnownFileType = sourcecode.swift; path = SceneDelegate.swift; sourceTree = "<group>"; };
		0812323627A45EBC0074BA90 /* ApodListController.swift */ = {isa = PBXFileReference; lastKnownFileType = sourcecode.swift; path = ApodListController.swift; sourceTree = "<group>"; };
		0812323927A45EBC0074BA90 /* Base */ = {isa = PBXFileReference; lastKnownFileType = file.storyboard; name = Base; path = Base.lproj/Main.storyboard; sourceTree = "<group>"; };
		0812323B27A45EBD0074BA90 /* Assets.xcassets */ = {isa = PBXFileReference; lastKnownFileType = folder.assetcatalog; path = Assets.xcassets; sourceTree = "<group>"; };
		0812323E27A45EBD0074BA90 /* Base */ = {isa = PBXFileReference; lastKnownFileType = file.storyboard; name = Base; path = Base.lproj/LaunchScreen.storyboard; sourceTree = "<group>"; };
		0812324027A45EBD0074BA90 /* Info.plist */ = {isa = PBXFileReference; lastKnownFileType = text.plist.xml; path = Info.plist; sourceTree = "<group>"; };
		0812324527A45EBD0074BA90 /* APODTests.xctest */ = {isa = PBXFileReference; explicitFileType = wrapper.cfbundle; includeInIndex = 0; path = APODTests.xctest; sourceTree = BUILT_PRODUCTS_DIR; };
		0812324927A45EBD0074BA90 /* APODTests.swift */ = {isa = PBXFileReference; lastKnownFileType = sourcecode.swift; path = APODTests.swift; sourceTree = "<group>"; };
		0812324F27A45EBD0074BA90 /* APODUITests.xctest */ = {isa = PBXFileReference; explicitFileType = wrapper.cfbundle; includeInIndex = 0; path = APODUITests.xctest; sourceTree = BUILT_PRODUCTS_DIR; };
		0812325327A45EBD0074BA90 /* APODUITests.swift */ = {isa = PBXFileReference; lastKnownFileType = sourcecode.swift; path = APODUITests.swift; sourceTree = "<group>"; };
		0812325527A45EBD0074BA90 /* APODUITestsLaunchTests.swift */ = {isa = PBXFileReference; lastKnownFileType = sourcecode.swift; path = APODUITestsLaunchTests.swift; sourceTree = "<group>"; };
		0812326327A45EF10074BA90 /* DataBuilder.swift */ = {isa = PBXFileReference; lastKnownFileType = sourcecode.swift; path = DataBuilder.swift; sourceTree = "<group>"; };
		08173F6D27A4CD0200AE0157 /* ApodTableViewCell.swift */ = {isa = PBXFileReference; lastKnownFileType = sourcecode.swift; path = ApodTableViewCell.swift; sourceTree = "<group>"; };
		08173F7427A4E21500AE0157 /* ApodImageController.swift */ = {isa = PBXFileReference; lastKnownFileType = sourcecode.swift; path = ApodImageController.swift; sourceTree = "<group>"; };
		08173F7627A4E24100AE0157 /* ApodDetailController.swift */ = {isa = PBXFileReference; lastKnownFileType = sourcecode.swift; path = ApodDetailController.swift; sourceTree = "<group>"; };
		08173F7827A7A71D00AE0157 /* Router.swift */ = {isa = PBXFileReference; lastKnownFileType = sourcecode.swift; path = Router.swift; sourceTree = "<group>"; };
		08173F7A27A7A76500AE0157 /* NetworkManager.swift */ = {isa = PBXFileReference; lastKnownFileType = sourcecode.swift; path = NetworkManager.swift; sourceTree = "<group>"; };
		08173F7D27A7B37200AE0157 /* APODModel.swift */ = {isa = PBXFileReference; lastKnownFileType = sourcecode.swift; path = APODModel.swift; sourceTree = "<group>"; };
/* End PBXFileReference section */

/* Begin PBXFrameworksBuildPhase section */
		0812322C27A45EBC0074BA90 /* Frameworks */ = {
			isa = PBXFrameworksBuildPhase;
			buildActionMask = 2147483647;
			files = (
			);
			runOnlyForDeploymentPostprocessing = 0;
		};
		0812324227A45EBD0074BA90 /* Frameworks */ = {
			isa = PBXFrameworksBuildPhase;
			buildActionMask = 2147483647;
			files = (
			);
			runOnlyForDeploymentPostprocessing = 0;
		};
		0812324C27A45EBD0074BA90 /* Frameworks */ = {
			isa = PBXFrameworksBuildPhase;
			buildActionMask = 2147483647;
			files = (
			);
			runOnlyForDeploymentPostprocessing = 0;
		};
/* End PBXFrameworksBuildPhase section */

/* Begin PBXGroup section */
		0812322627A45EBC0074BA90 = {
			isa = PBXGroup;
			children = (
				0812323127A45EBC0074BA90 /* APOD */,
				0812324827A45EBD0074BA90 /* APODTests */,
				0812325227A45EBD0074BA90 /* APODUITests */,
				0812323027A45EBC0074BA90 /* Products */,
			);
			sourceTree = "<group>";
		};
		0812323027A45EBC0074BA90 /* Products */ = {
			isa = PBXGroup;
			children = (
				0812322F27A45EBC0074BA90 /* APOD.app */,
				0812324527A45EBD0074BA90 /* APODTests.xctest */,
				0812324F27A45EBD0074BA90 /* APODUITests.xctest */,
			);
			name = Products;
			sourceTree = "<group>";
		};
		0812323127A45EBC0074BA90 /* APOD */ = {
			isa = PBXGroup;
			children = (
				08173F7C27A7B36100AE0157 /* Model */,
				08173F6B27A4CC7200AE0157 /* Views */,
				0812326227A45ED40074BA90 /* NetworkManager */,
				0812323227A45EBC0074BA90 /* AppDelegate.swift */,
				0812323427A45EBC0074BA90 /* SceneDelegate.swift */,
				0812323B27A45EBD0074BA90 /* Assets.xcassets */,
				0812324027A45EBD0074BA90 /* Info.plist */,
			);
			path = APOD;
			sourceTree = "<group>";
		};
		0812324827A45EBD0074BA90 /* APODTests */ = {
			isa = PBXGroup;
			children = (
				0812324927A45EBD0074BA90 /* APODTests.swift */,
			);
			path = APODTests;
			sourceTree = "<group>";
		};
		0812325227A45EBD0074BA90 /* APODUITests */ = {
			isa = PBXGroup;
			children = (
				0812325327A45EBD0074BA90 /* APODUITests.swift */,
				0812325527A45EBD0074BA90 /* APODUITestsLaunchTests.swift */,
			);
			path = APODUITests;
			sourceTree = "<group>";
		};
		0812326227A45ED40074BA90 /* NetworkManager */ = {
			isa = PBXGroup;
			children = (
				0812326327A45EF10074BA90 /* DataBuilder.swift */,
				08173F7827A7A71D00AE0157 /* Router.swift */,
				08173F7A27A7A76500AE0157 /* NetworkManager.swift */,
			);
			path = NetworkManager;
			sourceTree = "<group>";
		};
		08173F6827A4CB1000AE0157 /* ViewController */ = {
			isa = PBXGroup;
			children = (
				0812323627A45EBC0074BA90 /* ApodListController.swift */,
				08173F7427A4E21500AE0157 /* ApodImageController.swift */,
				08173F7627A4E24100AE0157 /* ApodDetailController.swift */,
			);
			path = ViewController;
			sourceTree = "<group>";
		};
		08173F6B27A4CC7200AE0157 /* Views */ = {
			isa = PBXGroup;
			children = (
				0812323827A45EBC0074BA90 /* Main.storyboard */,
				0812323D27A45EBD0074BA90 /* LaunchScreen.storyboard */,
				08173F6C27A4CC7D00AE0157 /* CollectionViewCell */,
				08173F6827A4CB1000AE0157 /* ViewController */,
			);
			path = Views;
			sourceTree = "<group>";
		};
		08173F6C27A4CC7D00AE0157 /* CollectionViewCell */ = {
			isa = PBXGroup;
			children = (
				08173F6D27A4CD0200AE0157 /* ApodTableViewCell.swift */,
			);
			path = CollectionViewCell;
			sourceTree = "<group>";
		};
		08173F7C27A7B36100AE0157 /* Model */ = {
			isa = PBXGroup;
			children = (
				08173F7D27A7B37200AE0157 /* APODModel.swift */,
			);
			path = Model;
			sourceTree = "<group>";
		};
/* End PBXGroup section */

/* Begin PBXNativeTarget section */
		0812322E27A45EBC0074BA90 /* APOD */ = {
			isa = PBXNativeTarget;
			buildConfigurationList = 0812325927A45EBD0074BA90 /* Build configuration list for PBXNativeTarget "APOD" */;
			buildPhases = (
				0812322B27A45EBC0074BA90 /* Sources */,
				0812322C27A45EBC0074BA90 /* Frameworks */,
				0812322D27A45EBC0074BA90 /* Resources */,
			);
			buildRules = (
			);
			dependencies = (
			);
			name = APOD;
			productName = APOD;
			productReference = 0812322F27A45EBC0074BA90 /* APOD.app */;
			productType = "com.apple.product-type.application";
		};
		0812324427A45EBD0074BA90 /* APODTests */ = {
			isa = PBXNativeTarget;
			buildConfigurationList = 0812325C27A45EBD0074BA90 /* Build configuration list for PBXNativeTarget "APODTests" */;
			buildPhases = (
				0812324127A45EBD0074BA90 /* Sources */,
				0812324227A45EBD0074BA90 /* Frameworks */,
				0812324327A45EBD0074BA90 /* Resources */,
			);
			buildRules = (
			);
			dependencies = (
				0812324727A45EBD0074BA90 /* PBXTargetDependency */,
			);
			name = APODTests;
			productName = APODTests;
			productReference = 0812324527A45EBD0074BA90 /* APODTests.xctest */;
			productType = "com.apple.product-type.bundle.unit-test";
		};
		0812324E27A45EBD0074BA90 /* APODUITests */ = {
			isa = PBXNativeTarget;
			buildConfigurationList = 0812325F27A45EBD0074BA90 /* Build configuration list for PBXNativeTarget "APODUITests" */;
			buildPhases = (
				0812324B27A45EBD0074BA90 /* Sources */,
				0812324C27A45EBD0074BA90 /* Frameworks */,
				0812324D27A45EBD0074BA90 /* Resources */,
			);
			buildRules = (
			);
			dependencies = (
				0812325127A45EBD0074BA90 /* PBXTargetDependency */,
			);
			name = APODUITests;
			productName = APODUITests;
			productReference = 0812324F27A45EBD0074BA90 /* APODUITests.xctest */;
			productType = "com.apple.product-type.bundle.ui-testing";
		};
/* End PBXNativeTarget section */

/* Begin PBXProject section */
		0812322727A45EBC0074BA90 /* Project object */ = {
			isa = PBXProject;
			attributes = {
				BuildIndependentTargetsInParallel = 1;
				LastSwiftUpdateCheck = 1300;
				LastUpgradeCheck = 1300;
				TargetAttributes = {
					0812322E27A45EBC0074BA90 = {
						CreatedOnToolsVersion = 13.0;
					};
					0812324427A45EBD0074BA90 = {
						CreatedOnToolsVersion = 13.0;
						TestTargetID = 0812322E27A45EBC0074BA90;
					};
					0812324E27A45EBD0074BA90 = {
						CreatedOnToolsVersion = 13.0;
						TestTargetID = 0812322E27A45EBC0074BA90;
					};
				};
			};
			buildConfigurationList = 0812322A27A45EBC0074BA90 /* Build configuration list for PBXProject "APOD" */;
			compatibilityVersion = "Xcode 13.0";
			developmentRegion = en;
			hasScannedForEncodings = 0;
			knownRegions = (
				en,
				Base,
			);
			mainGroup = 0812322627A45EBC0074BA90;
			productRefGroup = 0812323027A45EBC0074BA90 /* Products */;
			projectDirPath = "";
			projectRoot = "";
			targets = (
				0812322E27A45EBC0074BA90 /* APOD */,
				0812324427A45EBD0074BA90 /* APODTests */,
				0812324E27A45EBD0074BA90 /* APODUITests */,
			);
		};
/* End PBXProject section */

/* Begin PBXResourcesBuildPhase section */
		0812322D27A45EBC0074BA90 /* Resources */ = {
			isa = PBXResourcesBuildPhase;
			buildActionMask = 2147483647;
			files = (
				0812323F27A45EBD0074BA90 /* LaunchScreen.storyboard in Resources */,
				0812323C27A45EBD0074BA90 /* Assets.xcassets in Resources */,
				0812323A27A45EBC0074BA90 /* Main.storyboard in Resources */,
			);
			runOnlyForDeploymentPostprocessing = 0;
		};
		0812324327A45EBD0074BA90 /* Resources */ = {
			isa = PBXResourcesBuildPhase;
			buildActionMask = 2147483647;
			files = (
			);
			runOnlyForDeploymentPostprocessing = 0;
		};
		0812324D27A45EBD0074BA90 /* Resources */ = {
			isa = PBXResourcesBuildPhase;
			buildActionMask = 2147483647;
			files = (
			);
			runOnlyForDeploymentPostprocessing = 0;
		};
/* End PBXResourcesBuildPhase section */

/* Begin PBXSourcesBuildPhase section */
		0812322B27A45EBC0074BA90 /* Sources */ = {
			isa = PBXSourcesBuildPhase;
			buildActionMask = 2147483647;
			files = (
				0812326427A45EF10074BA90 /* DataBuilder.swift in Sources */,
				08173F7727A4E24100AE0157 /* ApodDetailController.swift in Sources */,
				0812323727A45EBC0074BA90 /* ApodListController.swift in Sources */,
				08173F7B27A7A76500AE0157 /* NetworkManager.swift in Sources */,
				0812323327A45EBC0074BA90 /* AppDelegate.swift in Sources */,
				0812323527A45EBC0074BA90 /* SceneDelegate.swift in Sources */,
				08173F6E27A4CD0200AE0157 /* ApodTableViewCell.swift in Sources */,
				08173F7927A7A71D00AE0157 /* Router.swift in Sources */,
				08173F7527A4E21500AE0157 /* ApodImageController.swift in Sources */,
				08173F7E27A7B37200AE0157 /* APODModel.swift in Sources */,
			);
			runOnlyForDeploymentPostprocessing = 0;
		};
		0812324127A45EBD0074BA90 /* Sources */ = {
			isa = PBXSourcesBuildPhase;
			buildActionMask = 2147483647;
			files = (
				0812324A27A45EBD0074BA90 /* APODTests.swift in Sources */,
			);
			runOnlyForDeploymentPostprocessing = 0;
		};
		0812324B27A45EBD0074BA90 /* Sources */ = {
			isa = PBXSourcesBuildPhase;
			buildActionMask = 2147483647;
			files = (
				0812325627A45EBD0074BA90 /* APODUITestsLaunchTests.swift in Sources */,
				0812325427A45EBD0074BA90 /* APODUITests.swift in Sources */,
			);
			runOnlyForDeploymentPostprocessing = 0;
		};
/* End PBXSourcesBuildPhase section */

/* Begin PBXTargetDependency section */
		0812324727A45EBD0074BA90 /* PBXTargetDependency */ = {
			isa = PBXTargetDependency;
			target = 0812322E27A45EBC0074BA90 /* APOD */;
			targetProxy = 0812324627A45EBD0074BA90 /* PBXContainerItemProxy */;
		};
		0812325127A45EBD0074BA90 /* PBXTargetDependency */ = {
			isa = PBXTargetDependency;
			target = 0812322E27A45EBC0074BA90 /* APOD */;
			targetProxy = 0812325027A45EBD0074BA90 /* PBXContainerItemProxy */;
		};
/* End PBXTargetDependency section */

/* Begin PBXVariantGroup section */
		0812323827A45EBC0074BA90 /* Main.storyboard */ = {
			isa = PBXVariantGroup;
			children = (
				0812323927A45EBC0074BA90 /* Base */,
			);
			name = Main.storyboard;
			sourceTree = "<group>";
		};
		0812323D27A45EBD0074BA90 /* LaunchScreen.storyboard */ = {
			isa = PBXVariantGroup;
			children = (
				0812323E27A45EBD0074BA90 /* Base */,
			);
			name = LaunchScreen.storyboard;
			sourceTree = "<group>";
		};
/* End PBXVariantGroup section */

/* Begin XCBuildConfiguration section */
		0812325727A45EBD0074BA90 /* Debug */ = {
			isa = XCBuildConfiguration;
			buildSettings = {
				ALWAYS_SEARCH_USER_PATHS = NO;
				CLANG_ANALYZER_NONNULL = YES;
				CLANG_ANALYZER_NUMBER_OBJECT_CONVERSION = YES_AGGRESSIVE;
				CLANG_CXX_LANGUAGE_STANDARD = "gnu++17";
				CLANG_CXX_LIBRARY = "libc++";
				CLANG_ENABLE_MODULES = YES;
				CLANG_ENABLE_OBJC_ARC = YES;
				CLANG_ENABLE_OBJC_WEAK = YES;
				CLANG_WARN_BLOCK_CAPTURE_AUTORELEASING = YES;
				CLANG_WARN_BOOL_CONVERSION = YES;
				CLANG_WARN_COMMA = YES;
				CLANG_WARN_CONSTANT_CONVERSION = YES;
				CLANG_WARN_DEPRECATED_OBJC_IMPLEMENTATIONS = YES;
				CLANG_WARN_DIRECT_OBJC_ISA_USAGE = YES_ERROR;
				CLANG_WARN_DOCUMENTATION_COMMENTS = YES;
				CLANG_WARN_EMPTY_BODY = YES;
				CLANG_WARN_ENUM_CONVERSION = YES;
				CLANG_WARN_INFINITE_RECURSION = YES;
				CLANG_WARN_INT_CONVERSION = YES;
				CLANG_WARN_NON_LITERAL_NULL_CONVERSION = YES;
				CLANG_WARN_OBJC_IMPLICIT_RETAIN_SELF = YES;
				CLANG_WARN_OBJC_LITERAL_CONVERSION = YES;
				CLANG_WARN_OBJC_ROOT_CLASS = YES_ERROR;
				CLANG_WARN_QUOTED_INCLUDE_IN_FRAMEWORK_HEADER = YES;
				CLANG_WARN_RANGE_LOOP_ANALYSIS = YES;
				CLANG_WARN_STRICT_PROTOTYPES = YES;
				CLANG_WARN_SUSPICIOUS_MOVE = YES;
				CLANG_WARN_UNGUARDED_AVAILABILITY = YES_AGGRESSIVE;
				CLANG_WARN_UNREACHABLE_CODE = YES;
				CLANG_WARN__DUPLICATE_METHOD_MATCH = YES;
				COPY_PHASE_STRIP = NO;
				DEBUG_INFORMATION_FORMAT = dwarf;
				ENABLE_STRICT_OBJC_MSGSEND = YES;
				ENABLE_TESTABILITY = YES;
				GCC_C_LANGUAGE_STANDARD = gnu11;
				GCC_DYNAMIC_NO_PIC = NO;
				GCC_NO_COMMON_BLOCKS = YES;
				GCC_OPTIMIZATION_LEVEL = 0;
				GCC_PREPROCESSOR_DEFINITIONS = (
					"DEBUG=1",
					"$(inherited)",
				);
				GCC_WARN_64_TO_32_BIT_CONVERSION = YES;
				GCC_WARN_ABOUT_RETURN_TYPE = YES_ERROR;
				GCC_WARN_UNDECLARED_SELECTOR = YES;
				GCC_WARN_UNINITIALIZED_AUTOS = YES_AGGRESSIVE;
				GCC_WARN_UNUSED_FUNCTION = YES;
				GCC_WARN_UNUSED_VARIABLE = YES;
				IPHONEOS_DEPLOYMENT_TARGET = 15.0;
				MTL_ENABLE_DEBUG_INFO = INCLUDE_SOURCE;
				MTL_FAST_MATH = YES;
				ONLY_ACTIVE_ARCH = YES;
				SDKROOT = iphoneos;
				SWIFT_ACTIVE_COMPILATION_CONDITIONS = DEBUG;
				SWIFT_OPTIMIZATION_LEVEL = "-Onone";
			};
			name = Debug;
		};
		0812325827A45EBD0074BA90 /* Release */ = {
			isa = XCBuildConfiguration;
			buildSettings = {
				ALWAYS_SEARCH_USER_PATHS = NO;
				CLANG_ANALYZER_NONNULL = YES;
				CLANG_ANALYZER_NUMBER_OBJECT_CONVERSION = YES_AGGRESSIVE;
				CLANG_CXX_LANGUAGE_STANDARD = "gnu++17";
				CLANG_CXX_LIBRARY = "libc++";
				CLANG_ENABLE_MODULES = YES;
				CLANG_ENABLE_OBJC_ARC = YES;
				CLANG_ENABLE_OBJC_WEAK = YES;
				CLANG_WARN_BLOCK_CAPTURE_AUTORELEASING = YES;
				CLANG_WARN_BOOL_CONVERSION = YES;
				CLANG_WARN_COMMA = YES;
				CLANG_WARN_CONSTANT_CONVERSION = YES;
				CLANG_WARN_DEPRECATED_OBJC_IMPLEMENTATIONS = YES;
				CLANG_WARN_DIRECT_OBJC_ISA_USAGE = YES_ERROR;
				CLANG_WARN_DOCUMENTATION_COMMENTS = YES;
				CLANG_WARN_EMPTY_BODY = YES;
				CLANG_WARN_ENUM_CONVERSION = YES;
				CLANG_WARN_INFINITE_RECURSION = YES;
				CLANG_WARN_INT_CONVERSION = YES;
				CLANG_WARN_NON_LITERAL_NULL_CONVERSION = YES;
				CLANG_WARN_OBJC_IMPLICIT_RETAIN_SELF = YES;
				CLANG_WARN_OBJC_LITERAL_CONVERSION = YES;
				CLANG_WARN_OBJC_ROOT_CLASS = YES_ERROR;
				CLANG_WARN_QUOTED_INCLUDE_IN_FRAMEWORK_HEADER = YES;
				CLANG_WARN_RANGE_LOOP_ANALYSIS = YES;
				CLANG_WARN_STRICT_PROTOTYPES = YES;
				CLANG_WARN_SUSPICIOUS_MOVE = YES;
				CLANG_WARN_UNGUARDED_AVAILABILITY = YES_AGGRESSIVE;
				CLANG_WARN_UNREACHABLE_CODE = YES;
				CLANG_WARN__DUPLICATE_METHOD_MATCH = YES;
				COPY_PHASE_STRIP = NO;
				DEBUG_INFORMATION_FORMAT = "dwarf-with-dsym";
				ENABLE_NS_ASSERTIONS = NO;
				ENABLE_STRICT_OBJC_MSGSEND = YES;
				GCC_C_LANGUAGE_STANDARD = gnu11;
				GCC_NO_COMMON_BLOCKS = YES;
				GCC_WARN_64_TO_32_BIT_CONVERSION = YES;
				GCC_WARN_ABOUT_RETURN_TYPE = YES_ERROR;
				GCC_WARN_UNDECLARED_SELECTOR = YES;
				GCC_WARN_UNINITIALIZED_AUTOS = YES_AGGRESSIVE;
				GCC_WARN_UNUSED_FUNCTION = YES;
				GCC_WARN_UNUSED_VARIABLE = YES;
				IPHONEOS_DEPLOYMENT_TARGET = 15.0;
				MTL_ENABLE_DEBUG_INFO = NO;
				MTL_FAST_MATH = YES;
				SDKROOT = iphoneos;
				SWIFT_COMPILATION_MODE = wholemodule;
				SWIFT_OPTIMIZATION_LEVEL = "-O";
				VALIDATE_PRODUCT = YES;
			};
			name = Release;
		};
		0812325A27A45EBD0074BA90 /* Debug */ = {
			isa = XCBuildConfiguration;
			buildSettings = {
				ASSETCATALOG_COMPILER_APPICON_NAME = AppIcon;
				ASSETCATALOG_COMPILER_GLOBAL_ACCENT_COLOR_NAME = AccentColor;
				CODE_SIGN_STYLE = Automatic;
				CURRENT_PROJECT_VERSION = 1;
				GENERATE_INFOPLIST_FILE = YES;
				INFOPLIST_FILE = APOD/Info.plist;
				INFOPLIST_KEY_UIApplicationSupportsIndirectInputEvents = YES;
				INFOPLIST_KEY_UILaunchStoryboardName = LaunchScreen;
				INFOPLIST_KEY_UIMainStoryboardFile = Main;
				INFOPLIST_KEY_UISupportedInterfaceOrientations_iPad = "UIInterfaceOrientationPortrait UIInterfaceOrientationPortraitUpsideDown UIInterfaceOrientationLandscapeLeft UIInterfaceOrientationLandscapeRight";
				INFOPLIST_KEY_UISupportedInterfaceOrientations_iPhone = "UIInterfaceOrientationPortrait UIInterfaceOrientationLandscapeLeft UIInterfaceOrientationLandscapeRight";
				LD_RUNPATH_SEARCH_PATHS = (
					"$(inherited)",
					"@executable_path/Frameworks",
				);
				MARKETING_VERSION = 1.0;
				PRODUCT_BUNDLE_IDENTIFIER = com.nuclei.APOD;
				PRODUCT_NAME = "$(TARGET_NAME)";
				SWIFT_EMIT_LOC_STRINGS = YES;
				SWIFT_VERSION = 5.0;
				TARGETED_DEVICE_FAMILY = "1,2";
			};
			name = Debug;
		};
		0812325B27A45EBD0074BA90 /* Release */ = {
			isa = XCBuildConfiguration;
			buildSettings = {
				ASSETCATALOG_COMPILER_APPICON_NAME = AppIcon;
				ASSETCATALOG_COMPILER_GLOBAL_ACCENT_COLOR_NAME = AccentColor;
				CODE_SIGN_STYLE = Automatic;
				CURRENT_PROJECT_VERSION = 1;
				GENERATE_INFOPLIST_FILE = YES;
				INFOPLIST_FILE = APOD/Info.plist;
				INFOPLIST_KEY_UIApplicationSupportsIndirectInputEvents = YES;
				INFOPLIST_KEY_UILaunchStoryboardName = LaunchScreen;
				INFOPLIST_KEY_UIMainStoryboardFile = Main;
				INFOPLIST_KEY_UISupportedInterfaceOrientations_iPad = "UIInterfaceOrientationPortrait UIInterfaceOrientationPortraitUpsideDown UIInterfaceOrientationLandscapeLeft UIInterfaceOrientationLandscapeRight";
				INFOPLIST_KEY_UISupportedInterfaceOrientations_iPhone = "UIInterfaceOrientationPortrait UIInterfaceOrientationLandscapeLeft UIInterfaceOrientationLandscapeRight";
				LD_RUNPATH_SEARCH_PATHS = (
					"$(inherited)",
					"@executable_path/Frameworks",
				);
				MARKETING_VERSION = 1.0;
				PRODUCT_BUNDLE_IDENTIFIER = com.nuclei.APOD;
				PRODUCT_NAME = "$(TARGET_NAME)";
				SWIFT_EMIT_LOC_STRINGS = YES;
				SWIFT_VERSION = 5.0;
				TARGETED_DEVICE_FAMILY = "1,2";
			};
			name = Release;
		};
		0812325D27A45EBD0074BA90 /* Debug */ = {
			isa = XCBuildConfiguration;
			buildSettings = {
				ALWAYS_EMBED_SWIFT_STANDARD_LIBRARIES = YES;
				BUNDLE_LOADER = "$(TEST_HOST)";
				CODE_SIGN_STYLE = Automatic;
				CURRENT_PROJECT_VERSION = 1;
				GENERATE_INFOPLIST_FILE = YES;
				IPHONEOS_DEPLOYMENT_TARGET = 15.0;
				LD_RUNPATH_SEARCH_PATHS = (
					"$(inherited)",
					"@executable_path/Frameworks",
					"@loader_path/Frameworks",
				);
				MARKETING_VERSION = 1.0;
				PRODUCT_BUNDLE_IDENTIFIER = com.nuclei.APODTests;
				PRODUCT_NAME = "$(TARGET_NAME)";
				SWIFT_EMIT_LOC_STRINGS = NO;
				SWIFT_VERSION = 5.0;
				TARGETED_DEVICE_FAMILY = "1,2";
				TEST_HOST = "$(BUILT_PRODUCTS_DIR)/APOD.app/APOD";
			};
			name = Debug;
		};
		0812325E27A45EBD0074BA90 /* Release */ = {
			isa = XCBuildConfiguration;
			buildSettings = {
				ALWAYS_EMBED_SWIFT_STANDARD_LIBRARIES = YES;
				BUNDLE_LOADER = "$(TEST_HOST)";
				CODE_SIGN_STYLE = Automatic;
				CURRENT_PROJECT_VERSION = 1;
				GENERATE_INFOPLIST_FILE = YES;
				IPHONEOS_DEPLOYMENT_TARGET = 15.0;
				LD_RUNPATH_SEARCH_PATHS = (
					"$(inherited)",
					"@executable_path/Frameworks",
					"@loader_path/Frameworks",
				);
				MARKETING_VERSION = 1.0;
				PRODUCT_BUNDLE_IDENTIFIER = com.nuclei.APODTests;
				PRODUCT_NAME = "$(TARGET_NAME)";
				SWIFT_EMIT_LOC_STRINGS = NO;
				SWIFT_VERSION = 5.0;
				TARGETED_DEVICE_FAMILY = "1,2";
				TEST_HOST = "$(BUILT_PRODUCTS_DIR)/APOD.app/APOD";
			};
			name = Release;
		};
		0812326027A45EBD0074BA90 /* Debug */ = {
			isa = XCBuildConfiguration;
			buildSettings = {
				ALWAYS_EMBED_SWIFT_STANDARD_LIBRARIES = YES;
				CODE_SIGN_STYLE = Automatic;
				CURRENT_PROJECT_VERSION = 1;
				GENERATE_INFOPLIST_FILE = YES;
				LD_RUNPATH_SEARCH_PATHS = (
					"$(inherited)",
					"@executable_path/Frameworks",
					"@loader_path/Frameworks",
				);
				MARKETING_VERSION = 1.0;
				PRODUCT_BUNDLE_IDENTIFIER = com.nuclei.APODUITests;
				PRODUCT_NAME = "$(TARGET_NAME)";
				SWIFT_EMIT_LOC_STRINGS = NO;
				SWIFT_VERSION = 5.0;
				TARGETED_DEVICE_FAMILY = "1,2";
				TEST_TARGET_NAME = APOD;
			};
			name = Debug;
		};
		0812326127A45EBD0074BA90 /* Release */ = {
			isa = XCBuildConfiguration;
			buildSettings = {
				ALWAYS_EMBED_SWIFT_STANDARD_LIBRARIES = YES;
				CODE_SIGN_STYLE = Automatic;
				CURRENT_PROJECT_VERSION = 1;
				GENERATE_INFOPLIST_FILE = YES;
				LD_RUNPATH_SEARCH_PATHS = (
					"$(inherited)",
					"@executable_path/Frameworks",
					"@loader_path/Frameworks",
				);
				MARKETING_VERSION = 1.0;
				PRODUCT_BUNDLE_IDENTIFIER = com.nuclei.APODUITests;
				PRODUCT_NAME = "$(TARGET_NAME)";
				SWIFT_EMIT_LOC_STRINGS = NO;
				SWIFT_VERSION = 5.0;
				TARGETED_DEVICE_FAMILY = "1,2";
				TEST_TARGET_NAME = APOD;
			};
			name = Release;
		};
/* End XCBuildConfiguration section */

/* Begin XCConfigurationList section */
		0812322A27A45EBC0074BA90 /* Build configuration list for PBXProject "APOD" */ = {
			isa = XCConfigurationList;
			buildConfigurations = (
				0812325727A45EBD0074BA90 /* Debug */,
				0812325827A45EBD0074BA90 /* Release */,
			);
			defaultConfigurationIsVisible = 0;
			defaultConfigurationName = Release;
		};
		0812325927A45EBD0074BA90 /* Build configuration list for PBXNativeTarget "APOD" */ = {
			isa = XCConfigurationList;
			buildConfigurations = (
				0812325A27A45EBD0074BA90 /* Debug */,
				0812325B27A45EBD0074BA90 /* Release */,
			);
			defaultConfigurationIsVisible = 0;
			defaultConfigurationName = Release;
		};
		0812325C27A45EBD0074BA90 /* Build configuration list for PBXNativeTarget "APODTests" */ = {
			isa = XCConfigurationList;
			buildConfigurations = (
				0812325D27A45EBD0074BA90 /* Debug */,
				0812325E27A45EBD0074BA90 /* Release */,
			);
			defaultConfigurationIsVisible = 0;
			defaultConfigurationName = Release;
		};
		0812325F27A45EBD0074BA90 /* Build configuration list for PBXNativeTarget "APODUITests" */ = {
			isa = XCConfigurationList;
			buildConfigurations = (
				0812326027A45EBD0074BA90 /* Debug */,
				0812326127A45EBD0074BA90 /* Release */,
			);
			defaultConfigurationIsVisible = 0;
			defaultConfigurationName = Release;
		};
/* End XCConfigurationList section */
	};
	rootObject = 0812322727A45EBC0074BA90 /* Project object */;
}
